
Microsoft Visual Studio Solution File, Format Version 12.00
# Visual Studio Version 18
VisualStudioVersion = 18.0.11222.15
MinimumVisualStudioVersion = 10.0.40219.1
Project("{9A19103F-16F7-4668-BE54-9A1E7A4F7556}") = "Neatoo", "Neatoo\Neatoo.csproj", "{91A0C8F4-8284-4E61-8F0A-3EF5F9257732}"
EndProject
Project("{2150E333-8FDC-42A3-9474-1A3956D46DE8}") = "Example", "Example", "{7558B8BE-EDFA-43F9-B120-533073E4F01C}"
EndProject
Project("{9A19103F-16F7-4668-BE54-9A1E7A4F7556}") = "Neatoo.UnitTest", "Neatoo.UnitTest\Neatoo.UnitTest.csproj", "{3B6C6D42-238B-4FBE-8823-ACD9CFC948E8}"
EndProject
Project("{2150E333-8FDC-42A3-9474-1A3956D46DE8}") = "Solution Items", "Solution Items", "{1177F00B-E945-48C9-8328-D0D60C7BAF5C}"
	ProjectSection(SolutionItems) = preProject
		.editorconfig = .editorconfig
		..\Directory.Build.props = ..\Directory.Build.props
		..\Directory.Packages.props = ..\Directory.Packages.props
	EndProjectSection
EndProject
Project("{FAE04EC0-301F-11D3-BF4B-00C04F79EFBC}") = "Neatoo.UnitTest.Demo", "Neatoo.UnitTest.Demo\Neatoo.UnitTest.Demo.csproj", "{E5E2F45A-602E-43D0-9D5A-D33367E54E52}"
EndProject
Project("{2150E333-8FDC-42A3-9474-1A3956D46DE8}") = "Person", "Person", "{02EA681E-C7D8-13C7-8484-4AC65E1B71E8}"
EndProject
Project("{FAE04EC0-301F-11D3-BF4B-00C04F79EFBC}") = "Person.Ef", "Examples\Person\Person.Ef\Person.Ef.csproj", "{CAC9585F-1FAC-9449-4251-0C7A58D65306}"
EndProject
Project("{FAE04EC0-301F-11D3-BF4B-00C04F79EFBC}") = "Person.DomainModel", "Examples\Person\Person.DomainModel\Person.DomainModel.csproj", "{B22B8241-5CC2-57D0-0A74-F587FB86A5A9}"
EndProject
Project("{FAE04EC0-301F-11D3-BF4B-00C04F79EFBC}") = "Person.Server", "Examples\Person\Person.Server\Person.Server.csproj", "{D265CD52-7DEF-7A0F-878D-34A4313A6798}"
EndProject
Project("{FAE04EC0-301F-11D3-BF4B-00C04F79EFBC}") = "Person.DomainModel.Tests", "Examples\Person\Person.DomainModel.Tests\Person.DomainModel.Tests.csproj", "{6F027652-4446-4975-8ACB-56F12156E53C}"
EndProject
Project("{FAE04EC0-301F-11D3-BF4B-00C04F79EFBC}") = "Neatoo.BaseGenerator", "Neatoo.BaseGenerator\Neatoo.BaseGenerator.csproj", "{0514451D-DAC2-8049-66B8-0B735DA120E7}"
EndProject
Project("{FAE04EC0-301F-11D3-BF4B-00C04F79EFBC}") = "Neatoo.Console", "Neatoo.Console\Neatoo.Console.csproj", "{D049D4C2-F7D0-4736-A147-21EA17BEA8F9}"
EndProject
Project("{FAE04EC0-301F-11D3-BF4B-00C04F79EFBC}") = "Person.App", "Examples\Person\Person.App\Person.App.csproj", "{FA3B7515-3F59-7872-E534-ECF3EEAB242C}"
EndProject
Project("{FAE04EC0-301F-11D3-BF4B-00C04F79EFBC}") = "Neatoo.Blazor.MudNeatoo", "Neatoo.Blazor.MudNeatoo\Neatoo.Blazor.MudNeatoo.csproj", "{06C54340-6DC8-2139-CC16-1B881B15B04C}"
EndProject
Project("{FAE04EC0-301F-11D3-BF4B-00C04F79EFBC}") = "Neatoo.BaseGenerator.Tests", "Neatoo.BaseGenerator.Tests\Neatoo.BaseGenerator.Tests.csproj", "{028DC10E-22B0-4D57-BF1C-BEE0FC1ABBE1}"
EndProject
Project("{FAE04EC0-301F-11D3-BF4B-00C04F79EFBC}") = "Neatoo.Analyzers", "Neatoo.Analyzers\Neatoo.Analyzers.csproj", "{D7364F1E-C1DE-47FA-978B-76695C628331}"
EndProject
Project("{FAE04EC0-301F-11D3-BF4B-00C04F79EFBC}") = "Neatoo.CodeFixes", "Neatoo.CodeFixes\Neatoo.CodeFixes.csproj", "{DC9BF0E9-4E02-4267-B7F7-B676507C71E0}"
EndProject
Project("{2150E333-8FDC-42A3-9474-1A3956D46DE8}") = "samples", "samples", "{5D20AA90-6969-D8BD-9DCD-8634F4692FDA}"
EndProject
Project("{FAE04EC0-301F-11D3-BF4B-00C04F79EFBC}") = "Samples", "samples\Samples.csproj", "{369C2305-D461-482E-B793-F7871E660860}"
EndProject
Global
	GlobalSection(SolutionConfigurationPlatforms) = preSolution
		Debug|Any CPU = Debug|Any CPU
		Debug|x64 = Debug|x64
		Debug|x86 = Debug|x86
		Release|Any CPU = Release|Any CPU
		Release|x64 = Release|x64
		Release|x86 = Release|x86
	EndGlobalSection
	GlobalSection(ProjectConfigurationPlatforms) = postSolution
		{91A0C8F4-8284-4E61-8F0A-3EF5F9257732}.Debug|Any CPU.ActiveCfg = Debug|Any CPU
		{91A0C8F4-8284-4E61-8F0A-3EF5F9257732}.Debug|Any CPU.Build.0 = Debug|Any CPU
		{91A0C8F4-8284-4E61-8F0A-3EF5F9257732}.Debug|x64.ActiveCfg = Debug|Any CPU
		{91A0C8F4-8284-4E61-8F0A-3EF5F9257732}.Debug|x64.Build.0 = Debug|Any CPU
		{91A0C8F4-8284-4E61-8F0A-3EF5F9257732}.Debug|x86.ActiveCfg = Debug|Any CPU
		{91A0C8F4-8284-4E61-8F0A-3EF5F9257732}.Debug|x86.Build.0 = Debug|Any CPU
		{91A0C8F4-8284-4E61-8F0A-3EF5F9257732}.Release|Any CPU.ActiveCfg = Release|Any CPU
		{91A0C8F4-8284-4E61-8F0A-3EF5F9257732}.Release|Any CPU.Build.0 = Release|Any CPU
		{91A0C8F4-8284-4E61-8F0A-3EF5F9257732}.Release|x64.ActiveCfg = Release|Any CPU
		{91A0C8F4-8284-4E61-8F0A-3EF5F9257732}.Release|x64.Build.0 = Release|Any CPU
		{91A0C8F4-8284-4E61-8F0A-3EF5F9257732}.Release|x86.ActiveCfg = Release|Any CPU
		{91A0C8F4-8284-4E61-8F0A-3EF5F9257732}.Release|x86.Build.0 = Release|Any CPU
		{3B6C6D42-238B-4FBE-8823-ACD9CFC948E8}.Debug|Any CPU.ActiveCfg = Debug|Any CPU
		{3B6C6D42-238B-4FBE-8823-ACD9CFC948E8}.Debug|Any CPU.Build.0 = Debug|Any CPU
		{3B6C6D42-238B-4FBE-8823-ACD9CFC948E8}.Debug|x64.ActiveCfg = Debug|Any CPU
		{3B6C6D42-238B-4FBE-8823-ACD9CFC948E8}.Debug|x64.Build.0 = Debug|Any CPU
		{3B6C6D42-238B-4FBE-8823-ACD9CFC948E8}.Debug|x86.ActiveCfg = Debug|Any CPU
		{3B6C6D42-238B-4FBE-8823-ACD9CFC948E8}.Debug|x86.Build.0 = Debug|Any CPU
		{3B6C6D42-238B-4FBE-8823-ACD9CFC948E8}.Release|Any CPU.ActiveCfg = Release|Any CPU
		{3B6C6D42-238B-4FBE-8823-ACD9CFC948E8}.Release|Any CPU.Build.0 = Release|Any CPU
		{3B6C6D42-238B-4FBE-8823-ACD9CFC948E8}.Release|x64.ActiveCfg = Release|Any CPU
		{3B6C6D42-238B-4FBE-8823-ACD9CFC948E8}.Release|x64.Build.0 = Release|Any CPU
		{3B6C6D42-238B-4FBE-8823-ACD9CFC948E8}.Release|x86.ActiveCfg = Release|Any CPU
		{3B6C6D42-238B-4FBE-8823-ACD9CFC948E8}.Release|x86.Build.0 = Release|Any CPU
		{E5E2F45A-602E-43D0-9D5A-D33367E54E52}.Debug|Any CPU.ActiveCfg = Debug|Any CPU
		{E5E2F45A-602E-43D0-9D5A-D33367E54E52}.Debug|Any CPU.Build.0 = Debug|Any CPU
		{E5E2F45A-602E-43D0-9D5A-D33367E54E52}.Debug|x64.ActiveCfg = Debug|Any CPU
		{E5E2F45A-602E-43D0-9D5A-D33367E54E52}.Debug|x64.Build.0 = Debug|Any CPU
		{E5E2F45A-602E-43D0-9D5A-D33367E54E52}.Debug|x86.ActiveCfg = Debug|Any CPU
		{E5E2F45A-602E-43D0-9D5A-D33367E54E52}.Debug|x86.Build.0 = Debug|Any CPU
		{E5E2F45A-602E-43D0-9D5A-D33367E54E52}.Release|Any CPU.ActiveCfg = Release|Any CPU
		{E5E2F45A-602E-43D0-9D5A-D33367E54E52}.Release|Any CPU.Build.0 = Release|Any CPU
		{E5E2F45A-602E-43D0-9D5A-D33367E54E52}.Release|x64.ActiveCfg = Release|Any CPU
		{E5E2F45A-602E-43D0-9D5A-D33367E54E52}.Release|x64.Build.0 = Release|Any CPU
		{E5E2F45A-602E-43D0-9D5A-D33367E54E52}.Release|x86.ActiveCfg = Release|Any CPU
		{E5E2F45A-602E-43D0-9D5A-D33367E54E52}.Release|x86.Build.0 = Release|Any CPU
		{CAC9585F-1FAC-9449-4251-0C7A58D65306}.Debug|Any CPU.ActiveCfg = Debug|Any CPU
		{CAC9585F-1FAC-9449-4251-0C7A58D65306}.Debug|Any CPU.Build.0 = Debug|Any CPU
		{CAC9585F-1FAC-9449-4251-0C7A58D65306}.Debug|x64.ActiveCfg = Debug|Any CPU
		{CAC9585F-1FAC-9449-4251-0C7A58D65306}.Debug|x64.Build.0 = Debug|Any CPU
		{CAC9585F-1FAC-9449-4251-0C7A58D65306}.Debug|x86.ActiveCfg = Debug|Any CPU
		{CAC9585F-1FAC-9449-4251-0C7A58D65306}.Debug|x86.Build.0 = Debug|Any CPU
		{CAC9585F-1FAC-9449-4251-0C7A58D65306}.Release|Any CPU.ActiveCfg = Release|Any CPU
		{CAC9585F-1FAC-9449-4251-0C7A58D65306}.Release|Any CPU.Build.0 = Release|Any CPU
		{CAC9585F-1FAC-9449-4251-0C7A58D65306}.Release|x64.ActiveCfg = Release|Any CPU
		{CAC9585F-1FAC-9449-4251-0C7A58D65306}.Release|x64.Build.0 = Release|Any CPU
		{CAC9585F-1FAC-9449-4251-0C7A58D65306}.Release|x86.ActiveCfg = Release|Any CPU
		{CAC9585F-1FAC-9449-4251-0C7A58D65306}.Release|x86.Build.0 = Release|Any CPU
		{B22B8241-5CC2-57D0-0A74-F587FB86A5A9}.Debug|Any CPU.ActiveCfg = Debug|Any CPU
		{B22B8241-5CC2-57D0-0A74-F587FB86A5A9}.Debug|Any CPU.Build.0 = Debug|Any CPU
		{B22B8241-5CC2-57D0-0A74-F587FB86A5A9}.Debug|x64.ActiveCfg = Debug|Any CPU
		{B22B8241-5CC2-57D0-0A74-F587FB86A5A9}.Debug|x64.Build.0 = Debug|Any CPU
		{B22B8241-5CC2-57D0-0A74-F587FB86A5A9}.Debug|x86.ActiveCfg = Debug|Any CPU
		{B22B8241-5CC2-57D0-0A74-F587FB86A5A9}.Debug|x86.Build.0 = Debug|Any CPU
		{B22B8241-5CC2-57D0-0A74-F587FB86A5A9}.Release|Any CPU.ActiveCfg = Release|Any CPU
		{B22B8241-5CC2-57D0-0A74-F587FB86A5A9}.Release|Any CPU.Build.0 = Release|Any CPU
		{B22B8241-5CC2-57D0-0A74-F587FB86A5A9}.Release|x64.ActiveCfg = Release|Any CPU
		{B22B8241-5CC2-57D0-0A74-F587FB86A5A9}.Release|x64.Build.0 = Release|Any CPU
		{B22B8241-5CC2-57D0-0A74-F587FB86A5A9}.Release|x86.ActiveCfg = Release|Any CPU
		{B22B8241-5CC2-57D0-0A74-F587FB86A5A9}.Release|x86.Build.0 = Release|Any CPU
		{D265CD52-7DEF-7A0F-878D-34A4313A6798}.Debug|Any CPU.ActiveCfg = Debug|Any CPU
		{D265CD52-7DEF-7A0F-878D-34A4313A6798}.Debug|Any CPU.Build.0 = Debug|Any CPU
		{D265CD52-7DEF-7A0F-878D-34A4313A6798}.Debug|x64.ActiveCfg = Debug|Any CPU
		{D265CD52-7DEF-7A0F-878D-34A4313A6798}.Debug|x64.Build.0 = Debug|Any CPU
		{D265CD52-7DEF-7A0F-878D-34A4313A6798}.Debug|x86.ActiveCfg = Debug|Any CPU
		{D265CD52-7DEF-7A0F-878D-34A4313A6798}.Debug|x86.Build.0 = Debug|Any CPU
		{D265CD52-7DEF-7A0F-878D-34A4313A6798}.Release|Any CPU.ActiveCfg = Release|Any CPU
		{D265CD52-7DEF-7A0F-878D-34A4313A6798}.Release|Any CPU.Build.0 = Release|Any CPU
		{D265CD52-7DEF-7A0F-878D-34A4313A6798}.Release|x64.ActiveCfg = Release|Any CPU
		{D265CD52-7DEF-7A0F-878D-34A4313A6798}.Release|x64.Build.0 = Release|Any CPU
		{D265CD52-7DEF-7A0F-878D-34A4313A6798}.Release|x86.ActiveCfg = Release|Any CPU
		{D265CD52-7DEF-7A0F-878D-34A4313A6798}.Release|x86.Build.0 = Release|Any CPU
		{6F027652-4446-4975-8ACB-56F12156E53C}.Debug|Any CPU.ActiveCfg = Debug|Any CPU
		{6F027652-4446-4975-8ACB-56F12156E53C}.Debug|Any CPU.Build.0 = Debug|Any CPU
		{6F027652-4446-4975-8ACB-56F12156E53C}.Debug|x64.ActiveCfg = Debug|Any CPU
		{6F027652-4446-4975-8ACB-56F12156E53C}.Debug|x64.Build.0 = Debug|Any CPU
		{6F027652-4446-4975-8ACB-56F12156E53C}.Debug|x86.ActiveCfg = Debug|Any CPU
		{6F027652-4446-4975-8ACB-56F12156E53C}.Debug|x86.Build.0 = Debug|Any CPU
		{6F027652-4446-4975-8ACB-56F12156E53C}.Release|Any CPU.ActiveCfg = Release|Any CPU
		{6F027652-4446-4975-8ACB-56F12156E53C}.Release|Any CPU.Build.0 = Release|Any CPU
		{6F027652-4446-4975-8ACB-56F12156E53C}.Release|x64.ActiveCfg = Release|Any CPU
		{6F027652-4446-4975-8ACB-56F12156E53C}.Release|x64.Build.0 = Release|Any CPU
		{6F027652-4446-4975-8ACB-56F12156E53C}.Release|x86.ActiveCfg = Release|Any CPU
		{6F027652-4446-4975-8ACB-56F12156E53C}.Release|x86.Build.0 = Release|Any CPU
		{0514451D-DAC2-8049-66B8-0B735DA120E7}.Debug|Any CPU.ActiveCfg = Debug|Any CPU
		{0514451D-DAC2-8049-66B8-0B735DA120E7}.Debug|Any CPU.Build.0 = Debug|Any CPU
		{0514451D-DAC2-8049-66B8-0B735DA120E7}.Debug|x64.ActiveCfg = Debug|Any CPU
		{0514451D-DAC2-8049-66B8-0B735DA120E7}.Debug|x64.Build.0 = Debug|Any CPU
		{0514451D-DAC2-8049-66B8-0B735DA120E7}.Debug|x86.ActiveCfg = Debug|Any CPU
		{0514451D-DAC2-8049-66B8-0B735DA120E7}.Debug|x86.Build.0 = Debug|Any CPU
		{0514451D-DAC2-8049-66B8-0B735DA120E7}.Release|Any CPU.ActiveCfg = Release|Any CPU
		{0514451D-DAC2-8049-66B8-0B735DA120E7}.Release|Any CPU.Build.0 = Release|Any CPU
		{0514451D-DAC2-8049-66B8-0B735DA120E7}.Release|x64.ActiveCfg = Release|Any CPU
		{0514451D-DAC2-8049-66B8-0B735DA120E7}.Release|x64.Build.0 = Release|Any CPU
		{0514451D-DAC2-8049-66B8-0B735DA120E7}.Release|x86.ActiveCfg = Release|Any CPU
		{0514451D-DAC2-8049-66B8-0B735DA120E7}.Release|x86.Build.0 = Release|Any CPU
		{D049D4C2-F7D0-4736-A147-21EA17BEA8F9}.Debug|Any CPU.ActiveCfg = Debug|Any CPU
		{D049D4C2-F7D0-4736-A147-21EA17BEA8F9}.Debug|Any CPU.Build.0 = Debug|Any CPU
		{D049D4C2-F7D0-4736-A147-21EA17BEA8F9}.Debug|x64.ActiveCfg = Debug|Any CPU
		{D049D4C2-F7D0-4736-A147-21EA17BEA8F9}.Debug|x64.Build.0 = Debug|Any CPU
		{D049D4C2-F7D0-4736-A147-21EA17BEA8F9}.Debug|x86.ActiveCfg = Debug|Any CPU
		{D049D4C2-F7D0-4736-A147-21EA17BEA8F9}.Debug|x86.Build.0 = Debug|Any CPU
		{D049D4C2-F7D0-4736-A147-21EA17BEA8F9}.Release|Any CPU.ActiveCfg = Release|Any CPU
		{D049D4C2-F7D0-4736-A147-21EA17BEA8F9}.Release|Any CPU.Build.0 = Release|Any CPU
		{D049D4C2-F7D0-4736-A147-21EA17BEA8F9}.Release|x64.ActiveCfg = Release|Any CPU
		{D049D4C2-F7D0-4736-A147-21EA17BEA8F9}.Release|x64.Build.0 = Release|Any CPU
		{D049D4C2-F7D0-4736-A147-21EA17BEA8F9}.Release|x86.ActiveCfg = Release|Any CPU
		{D049D4C2-F7D0-4736-A147-21EA17BEA8F9}.Release|x86.Build.0 = Release|Any CPU
		{FA3B7515-3F59-7872-E534-ECF3EEAB242C}.Debug|Any CPU.ActiveCfg = Debug|Any CPU
		{FA3B7515-3F59-7872-E534-ECF3EEAB242C}.Debug|Any CPU.Build.0 = Debug|Any CPU
		{FA3B7515-3F59-7872-E534-ECF3EEAB242C}.Debug|x64.ActiveCfg = Debug|Any CPU
		{FA3B7515-3F59-7872-E534-ECF3EEAB242C}.Debug|x64.Build.0 = Debug|Any CPU
		{FA3B7515-3F59-7872-E534-ECF3EEAB242C}.Debug|x86.ActiveCfg = Debug|Any CPU
		{FA3B7515-3F59-7872-E534-ECF3EEAB242C}.Debug|x86.Build.0 = Debug|Any CPU
		{FA3B7515-3F59-7872-E534-ECF3EEAB242C}.Release|Any CPU.ActiveCfg = Release|Any CPU
		{FA3B7515-3F59-7872-E534-ECF3EEAB242C}.Release|Any CPU.Build.0 = Release|Any CPU
		{FA3B7515-3F59-7872-E534-ECF3EEAB242C}.Release|x64.ActiveCfg = Release|Any CPU
		{FA3B7515-3F59-7872-E534-ECF3EEAB242C}.Release|x64.Build.0 = Release|Any CPU
		{FA3B7515-3F59-7872-E534-ECF3EEAB242C}.Release|x86.ActiveCfg = Release|Any CPU
		{FA3B7515-3F59-7872-E534-ECF3EEAB242C}.Release|x86.Build.0 = Release|Any CPU
		{06C54340-6DC8-2139-CC16-1B881B15B04C}.Debug|Any CPU.ActiveCfg = Debug|Any CPU
		{06C54340-6DC8-2139-CC16-1B881B15B04C}.Debug|Any CPU.Build.0 = Debug|Any CPU
		{06C54340-6DC8-2139-CC16-1B881B15B04C}.Debug|x64.ActiveCfg = Debug|Any CPU
		{06C54340-6DC8-2139-CC16-1B881B15B04C}.Debug|x64.Build.0 = Debug|Any CPU
		{06C54340-6DC8-2139-CC16-1B881B15B04C}.Debug|x86.ActiveCfg = Debug|Any CPU
		{06C54340-6DC8-2139-CC16-1B881B15B04C}.Debug|x86.Build.0 = Debug|Any CPU
		{06C54340-6DC8-2139-CC16-1B881B15B04C}.Release|Any CPU.ActiveCfg = Release|Any CPU
		{06C54340-6DC8-2139-CC16-1B881B15B04C}.Release|Any CPU.Build.0 = Release|Any CPU
		{06C54340-6DC8-2139-CC16-1B881B15B04C}.Release|x64.ActiveCfg = Release|Any CPU
		{06C54340-6DC8-2139-CC16-1B881B15B04C}.Release|x64.Build.0 = Release|Any CPU
		{06C54340-6DC8-2139-CC16-1B881B15B04C}.Release|x86.ActiveCfg = Release|Any CPU
		{06C54340-6DC8-2139-CC16-1B881B15B04C}.Release|x86.Build.0 = Release|Any CPU
		{028DC10E-22B0-4D57-BF1C-BEE0FC1ABBE1}.Debug|Any CPU.ActiveCfg = Debug|Any CPU
		{028DC10E-22B0-4D57-BF1C-BEE0FC1ABBE1}.Debug|Any CPU.Build.0 = Debug|Any CPU
		{028DC10E-22B0-4D57-BF1C-BEE0FC1ABBE1}.Debug|x64.ActiveCfg = Debug|Any CPU
		{028DC10E-22B0-4D57-BF1C-BEE0FC1ABBE1}.Debug|x64.Build.0 = Debug|Any CPU
		{028DC10E-22B0-4D57-BF1C-BEE0FC1ABBE1}.Debug|x86.ActiveCfg = Debug|Any CPU
		{028DC10E-22B0-4D57-BF1C-BEE0FC1ABBE1}.Debug|x86.Build.0 = Debug|Any CPU
		{028DC10E-22B0-4D57-BF1C-BEE0FC1ABBE1}.Release|Any CPU.ActiveCfg = Release|Any CPU
		{028DC10E-22B0-4D57-BF1C-BEE0FC1ABBE1}.Release|Any CPU.Build.0 = Release|Any CPU
		{028DC10E-22B0-4D57-BF1C-BEE0FC1ABBE1}.Release|x64.ActiveCfg = Release|Any CPU
		{028DC10E-22B0-4D57-BF1C-BEE0FC1ABBE1}.Release|x64.Build.0 = Release|Any CPU
		{028DC10E-22B0-4D57-BF1C-BEE0FC1ABBE1}.Release|x86.ActiveCfg = Release|Any CPU
		{028DC10E-22B0-4D57-BF1C-BEE0FC1ABBE1}.Release|x86.Build.0 = Release|Any CPU
		{D7364F1E-C1DE-47FA-978B-76695C628331}.Debug|Any CPU.ActiveCfg = Debug|Any CPU
		{D7364F1E-C1DE-47FA-978B-76695C628331}.Debug|Any CPU.Build.0 = Debug|Any CPU
		{D7364F1E-C1DE-47FA-978B-76695C628331}.Debug|x64.ActiveCfg = Debug|Any CPU
		{D7364F1E-C1DE-47FA-978B-76695C628331}.Debug|x64.Build.0 = Debug|Any CPU
		{D7364F1E-C1DE-47FA-978B-76695C628331}.Debug|x86.ActiveCfg = Debug|Any CPU
		{D7364F1E-C1DE-47FA-978B-76695C628331}.Debug|x86.Build.0 = Debug|Any CPU
		{D7364F1E-C1DE-47FA-978B-76695C628331}.Release|Any CPU.ActiveCfg = Release|Any CPU
		{D7364F1E-C1DE-47FA-978B-76695C628331}.Release|Any CPU.Build.0 = Release|Any CPU
		{D7364F1E-C1DE-47FA-978B-76695C628331}.Release|x64.ActiveCfg = Release|Any CPU
		{D7364F1E-C1DE-47FA-978B-76695C628331}.Release|x64.Build.0 = Release|Any CPU
		{D7364F1E-C1DE-47FA-978B-76695C628331}.Release|x86.ActiveCfg = Release|Any CPU
		{D7364F1E-C1DE-47FA-978B-76695C628331}.Release|x86.Build.0 = Release|Any CPU
		{DC9BF0E9-4E02-4267-B7F7-B676507C71E0}.Debug|Any CPU.ActiveCfg = Debug|Any CPU
		{DC9BF0E9-4E02-4267-B7F7-B676507C71E0}.Debug|Any CPU.Build.0 = Debug|Any CPU
		{DC9BF0E9-4E02-4267-B7F7-B676507C71E0}.Debug|x64.ActiveCfg = Debug|Any CPU
		{DC9BF0E9-4E02-4267-B7F7-B676507C71E0}.Debug|x64.Build.0 = Debug|Any CPU
		{DC9BF0E9-4E02-4267-B7F7-B676507C71E0}.Debug|x86.ActiveCfg = Debug|Any CPU
		{DC9BF0E9-4E02-4267-B7F7-B676507C71E0}.Debug|x86.Build.0 = Debug|Any CPU
		{DC9BF0E9-4E02-4267-B7F7-B676507C71E0}.Release|Any CPU.ActiveCfg = Release|Any CPU
		{DC9BF0E9-4E02-4267-B7F7-B676507C71E0}.Release|Any CPU.Build.0 = Release|Any CPU
		{DC9BF0E9-4E02-4267-B7F7-B676507C71E0}.Release|x64.ActiveCfg = Release|Any CPU
		{DC9BF0E9-4E02-4267-B7F7-B676507C71E0}.Release|x64.Build.0 = Release|Any CPU
		{DC9BF0E9-4E02-4267-B7F7-B676507C71E0}.Release|x86.ActiveCfg = Release|Any CPU
		{DC9BF0E9-4E02-4267-B7F7-B676507C71E0}.Release|x86.Build.0 = Release|Any CPU
		{369C2305-D461-482E-B793-F7871E660860}.Debug|Any CPU.ActiveCfg = Debug|Any CPU
		{369C2305-D461-482E-B793-F7871E660860}.Debug|Any CPU.Build.0 = Debug|Any CPU
		{369C2305-D461-482E-B793-F7871E660860}.Debug|x64.ActiveCfg = Debug|Any CPU
		{369C2305-D461-482E-B793-F7871E660860}.Debug|x64.Build.0 = Debug|Any CPU
		{369C2305-D461-482E-B793-F7871E660860}.Debug|x86.ActiveCfg = Debug|Any CPU
		{369C2305-D461-482E-B793-F7871E660860}.Debug|x86.Build.0 = Debug|Any CPU
		{369C2305-D461-482E-B793-F7871E660860}.Release|Any CPU.ActiveCfg = Release|Any CPU
		{369C2305-D461-482E-B793-F7871E660860}.Release|Any CPU.Build.0 = Release|Any CPU
		{369C2305-D461-482E-B793-F7871E660860}.Release|x64.ActiveCfg = Release|Any CPU
		{369C2305-D461-482E-B793-F7871E660860}.Release|x64.Build.0 = Release|Any CPU
		{369C2305-D461-482E-B793-F7871E660860}.Release|x86.ActiveCfg = Release|Any CPU
		{369C2305-D461-482E-B793-F7871E660860}.Release|x86.Build.0 = Release|Any CPU
	EndGlobalSection
	GlobalSection(SolutionProperties) = preSolution
		HideSolutionNode = FALSE
	EndGlobalSection
	GlobalSection(NestedProjects) = preSolution
		{02EA681E-C7D8-13C7-8484-4AC65E1B71E8} = {7558B8BE-EDFA-43F9-B120-533073E4F01C}
		{CAC9585F-1FAC-9449-4251-0C7A58D65306} = {02EA681E-C7D8-13C7-8484-4AC65E1B71E8}
		{B22B8241-5CC2-57D0-0A74-F587FB86A5A9} = {02EA681E-C7D8-13C7-8484-4AC65E1B71E8}
		{D265CD52-7DEF-7A0F-878D-34A4313A6798} = {02EA681E-C7D8-13C7-8484-4AC65E1B71E8}
		{6F027652-4446-4975-8ACB-56F12156E53C} = {02EA681E-C7D8-13C7-8484-4AC65E1B71E8}
		{FA3B7515-3F59-7872-E534-ECF3EEAB242C} = {02EA681E-C7D8-13C7-8484-4AC65E1B71E8}
		{369C2305-D461-482E-B793-F7871E660860} = {5D20AA90-6969-D8BD-9DCD-8634F4692FDA}
	EndGlobalSection
	GlobalSection(ExtensibilityGlobals) = postSolution
		SolutionGuid = {22595137-BA59-4B40-97E2-4BFF42A960E8}
	EndGlobalSection
EndGlobal
