
Microsoft Visual Studio Solution File, Format Version 12.00
# Visual Studio Version 17
VisualStudioVersion = 17.12.35527.113
MinimumVisualStudioVersion = 10.0.40219.1
Project("{9A19103F-16F7-4668-BE54-9A1E7A4F7556}") = "Neatoo", "Neatoo\Neatoo.csproj", "{91A0C8F4-8284-4E61-8F0A-3EF5F9257732}"
EndProject
Project("{2150E333-8FDC-42A3-9474-1A3956D46DE8}") = "Example", "Example", "{7558B8BE-EDFA-43F9-B120-533073E4F01C}"
EndProject
Project("{9A19103F-16F7-4668-BE54-9A1E7A4F7556}") = "Neatoo.UnitTest", "Neatoo.UnitTest\Neatoo.UnitTest.csproj", "{3B6C6D42-238B-4FBE-8823-ACD9CFC948E8}"
EndProject
Project("{2150E333-8FDC-42A3-9474-1A3956D46DE8}") = "Solution Items", "Solution Items", "{1177F00B-E945-48C9-8328-D0D60C7BAF5C}"
	ProjectSection(SolutionItems) = preProject
		.editorconfig = .editorconfig
		Directory.Build.props = Directory.Build.props
	EndProjectSection
EndProject
Project("{FAE04EC0-301F-11D3-BF4B-00C04F79EFBC}") = "Neatoo.UnitTest.Demo", "Neatoo.UnitTest.Demo\Neatoo.UnitTest.Demo.csproj", "{E5E2F45A-602E-43D0-9D5A-D33367E54E52}"
EndProject
Project("{2150E333-8FDC-42A3-9474-1A3956D46DE8}") = "Person", "Person", "{02EA681E-C7D8-13C7-8484-4AC65E1B71E8}"
EndProject
Project("{FAE04EC0-301F-11D3-BF4B-00C04F79EFBC}") = "Person.Ef", "Examples\Person\Person.Ef\Person.Ef.csproj", "{CAC9585F-1FAC-9449-4251-0C7A58D65306}"
EndProject
Project("{FAE04EC0-301F-11D3-BF4B-00C04F79EFBC}") = "Person.DomainModel", "Examples\Person\Person.DomainModel\Person.DomainModel.csproj", "{B22B8241-5CC2-57D0-0A74-F587FB86A5A9}"
EndProject
Project("{FAE04EC0-301F-11D3-BF4B-00C04F79EFBC}") = "Person.Server", "Examples\Person\Person.Server\Person.Server.csproj", "{D265CD52-7DEF-7A0F-878D-34A4313A6798}"
EndProject
Project("{2150E333-8FDC-42A3-9474-1A3956D46DE8}") = "HorseFarm", "HorseFarm", "{CA148F57-4711-4CDA-BF0B-E8E62FFEAC14}"
EndProject
Project("{FAE04EC0-301F-11D3-BF4B-00C04F79EFBC}") = "Person.DomainModel.Tests", "Examples\Person\Person.DomainModel.Tests\Person.DomainModel.Tests.csproj", "{6F027652-4446-4975-8ACB-56F12156E53C}"
EndProject
Project("{FAE04EC0-301F-11D3-BF4B-00C04F79EFBC}") = "Neatoo.BaseGenerator", "Neatoo.BaseGenerator\Neatoo.BaseGenerator.csproj", "{0514451D-DAC2-8049-66B8-0B735DA120E7}"
EndProject
Project("{FAE04EC0-301F-11D3-BF4B-00C04F79EFBC}") = "Neatoo.Blazor", "Neatoo.Blazor\Neatoo.Blazor.csproj", "{F7EA181C-6484-45FF-A900-33A8E8B98636}"
EndProject
Project("{FAE04EC0-301F-11D3-BF4B-00C04F79EFBC}") = "Neatoo.Console", "Neatoo.Console\Neatoo.Console.csproj", "{D049D4C2-F7D0-4736-A147-21EA17BEA8F9}"
EndProject
Global
	GlobalSection(SolutionConfigurationPlatforms) = preSolution
		Debug|Any CPU = Debug|Any CPU
		Release|Any CPU = Release|Any CPU
	EndGlobalSection
	GlobalSection(ProjectConfigurationPlatforms) = postSolution
		{91A0C8F4-8284-4E61-8F0A-3EF5F9257732}.Debug|Any CPU.ActiveCfg = Debug|Any CPU
		{91A0C8F4-8284-4E61-8F0A-3EF5F9257732}.Debug|Any CPU.Build.0 = Debug|Any CPU
		{91A0C8F4-8284-4E61-8F0A-3EF5F9257732}.Release|Any CPU.ActiveCfg = Release|Any CPU
		{91A0C8F4-8284-4E61-8F0A-3EF5F9257732}.Release|Any CPU.Build.0 = Release|Any CPU
		{3B6C6D42-238B-4FBE-8823-ACD9CFC948E8}.Debug|Any CPU.ActiveCfg = Debug|Any CPU
		{3B6C6D42-238B-4FBE-8823-ACD9CFC948E8}.Debug|Any CPU.Build.0 = Debug|Any CPU
		{3B6C6D42-238B-4FBE-8823-ACD9CFC948E8}.Release|Any CPU.ActiveCfg = Release|Any CPU
		{3B6C6D42-238B-4FBE-8823-ACD9CFC948E8}.Release|Any CPU.Build.0 = Release|Any CPU
		{E5E2F45A-602E-43D0-9D5A-D33367E54E52}.Debug|Any CPU.ActiveCfg = Debug|Any CPU
		{E5E2F45A-602E-43D0-9D5A-D33367E54E52}.Debug|Any CPU.Build.0 = Debug|Any CPU
		{E5E2F45A-602E-43D0-9D5A-D33367E54E52}.Release|Any CPU.ActiveCfg = Release|Any CPU
		{E5E2F45A-602E-43D0-9D5A-D33367E54E52}.Release|Any CPU.Build.0 = Release|Any CPU
		{CAC9585F-1FAC-9449-4251-0C7A58D65306}.Debug|Any CPU.ActiveCfg = Debug|Any CPU
		{CAC9585F-1FAC-9449-4251-0C7A58D65306}.Debug|Any CPU.Build.0 = Debug|Any CPU
		{CAC9585F-1FAC-9449-4251-0C7A58D65306}.Release|Any CPU.ActiveCfg = Release|Any CPU
		{CAC9585F-1FAC-9449-4251-0C7A58D65306}.Release|Any CPU.Build.0 = Release|Any CPU
		{B22B8241-5CC2-57D0-0A74-F587FB86A5A9}.Debug|Any CPU.ActiveCfg = Debug|Any CPU
		{B22B8241-5CC2-57D0-0A74-F587FB86A5A9}.Debug|Any CPU.Build.0 = Debug|Any CPU
		{B22B8241-5CC2-57D0-0A74-F587FB86A5A9}.Release|Any CPU.ActiveCfg = Release|Any CPU
		{B22B8241-5CC2-57D0-0A74-F587FB86A5A9}.Release|Any CPU.Build.0 = Release|Any CPU
		{D265CD52-7DEF-7A0F-878D-34A4313A6798}.Debug|Any CPU.ActiveCfg = Debug|Any CPU
		{D265CD52-7DEF-7A0F-878D-34A4313A6798}.Debug|Any CPU.Build.0 = Debug|Any CPU
		{D265CD52-7DEF-7A0F-878D-34A4313A6798}.Release|Any CPU.ActiveCfg = Release|Any CPU
		{D265CD52-7DEF-7A0F-878D-34A4313A6798}.Release|Any CPU.Build.0 = Release|Any CPU
		{6F027652-4446-4975-8ACB-56F12156E53C}.Debug|Any CPU.ActiveCfg = Debug|Any CPU
		{6F027652-4446-4975-8ACB-56F12156E53C}.Debug|Any CPU.Build.0 = Debug|Any CPU
		{6F027652-4446-4975-8ACB-56F12156E53C}.Release|Any CPU.ActiveCfg = Release|Any CPU
		{6F027652-4446-4975-8ACB-56F12156E53C}.Release|Any CPU.Build.0 = Release|Any CPU
		{0514451D-DAC2-8049-66B8-0B735DA120E7}.Debug|Any CPU.ActiveCfg = Debug|Any CPU
		{0514451D-DAC2-8049-66B8-0B735DA120E7}.Debug|Any CPU.Build.0 = Debug|Any CPU
		{0514451D-DAC2-8049-66B8-0B735DA120E7}.Release|Any CPU.ActiveCfg = Release|Any CPU
		{0514451D-DAC2-8049-66B8-0B735DA120E7}.Release|Any CPU.Build.0 = Release|Any CPU
		{F7EA181C-6484-45FF-A900-33A8E8B98636}.Debug|Any CPU.ActiveCfg = Debug|Any CPU
		{F7EA181C-6484-45FF-A900-33A8E8B98636}.Debug|Any CPU.Build.0 = Debug|Any CPU
		{F7EA181C-6484-45FF-A900-33A8E8B98636}.Release|Any CPU.ActiveCfg = Release|Any CPU
		{F7EA181C-6484-45FF-A900-33A8E8B98636}.Release|Any CPU.Build.0 = Release|Any CPU
		{D049D4C2-F7D0-4736-A147-21EA17BEA8F9}.Debug|Any CPU.ActiveCfg = Debug|Any CPU
		{D049D4C2-F7D0-4736-A147-21EA17BEA8F9}.Debug|Any CPU.Build.0 = Debug|Any CPU
		{D049D4C2-F7D0-4736-A147-21EA17BEA8F9}.Release|Any CPU.ActiveCfg = Release|Any CPU
		{D049D4C2-F7D0-4736-A147-21EA17BEA8F9}.Release|Any CPU.Build.0 = Release|Any CPU
	EndGlobalSection
	GlobalSection(SolutionProperties) = preSolution
		HideSolutionNode = FALSE
	EndGlobalSection
	GlobalSection(NestedProjects) = preSolution
		{02EA681E-C7D8-13C7-8484-4AC65E1B71E8} = {7558B8BE-EDFA-43F9-B120-533073E4F01C}
		{CAC9585F-1FAC-9449-4251-0C7A58D65306} = {02EA681E-C7D8-13C7-8484-4AC65E1B71E8}
		{B22B8241-5CC2-57D0-0A74-F587FB86A5A9} = {02EA681E-C7D8-13C7-8484-4AC65E1B71E8}
		{D265CD52-7DEF-7A0F-878D-34A4313A6798} = {02EA681E-C7D8-13C7-8484-4AC65E1B71E8}
		{CA148F57-4711-4CDA-BF0B-E8E62FFEAC14} = {7558B8BE-EDFA-43F9-B120-533073E4F01C}
		{6F027652-4446-4975-8ACB-56F12156E53C} = {02EA681E-C7D8-13C7-8484-4AC65E1B71E8}
	EndGlobalSection
	GlobalSection(ExtensibilityGlobals) = postSolution
		SolutionGuid = {22595137-BA59-4B40-97E2-4BFF42A960E8}
	EndGlobalSection
EndGlobal
